
Microsoft Visual Studio Solution File, Format Version 12.00
# Visual Studio Version 16
VisualStudioVersion = 16.0.32407.337
MinimumVisualStudioVersion = 10.0.40219.1
Project("{9A19103F-16F7-4668-BE54-9A1E7A4F7556}") = "GameGenerator", "GameGenerator\GameGenerator.csproj", "{1676D37D-77B9-496A-A36B-A13750ED99FD}"
EndProject
Project("{FAE04EC0-301F-11D3-BF4B-00C04F79EFBC}") = "GameGenerator.Core", "GameGenerator.Core\GameGenerator.Core.csproj", "{3515F670-BFE2-4064-B223-5144F15FD94C}"
EndProject
Project("{FAE04EC0-301F-11D3-BF4B-00C04F79EFBC}") = "GameGenerator.Infrastructure", "GameGenerator.Infrastructure\GameGenerator.Infrastructure.csproj", "{A96299AD-D8EC-4EBD-B87C-78094EADEA4F}"
EndProject
Global
	GlobalSection(SolutionConfigurationPlatforms) = preSolution
		Debug|Any CPU = Debug|Any CPU
		Release|Any CPU = Release|Any CPU
	EndGlobalSection
	GlobalSection(ProjectConfigurationPlatforms) = postSolution
		{1676D37D-77B9-496A-A36B-A13750ED99FD}.Debug|Any CPU.ActiveCfg = Debug|Any CPU
		{1676D37D-77B9-496A-A36B-A13750ED99FD}.Debug|Any CPU.Build.0 = Debug|Any CPU
		{1676D37D-77B9-496A-A36B-A13750ED99FD}.Release|Any CPU.ActiveCfg = Release|Any CPU
		{1676D37D-77B9-496A-A36B-A13750ED99FD}.Release|Any CPU.Build.0 = Release|Any CPU
		{3515F670-BFE2-4064-B223-5144F15FD94C}.Debug|Any CPU.ActiveCfg = Debug|Any CPU
		{3515F670-BFE2-4064-B223-5144F15FD94C}.Debug|Any CPU.Build.0 = Debug|Any CPU
		{3515F670-BFE2-4064-B223-5144F15FD94C}.Release|Any CPU.ActiveCfg = Release|Any CPU
		{3515F670-BFE2-4064-B223-5144F15FD94C}.Release|Any CPU.Build.0 = Release|Any CPU
		{A96299AD-D8EC-4EBD-B87C-78094EADEA4F}.Debug|Any CPU.ActiveCfg = Debug|Any CPU
		{A96299AD-D8EC-4EBD-B87C-78094EADEA4F}.Debug|Any CPU.Build.0 = Debug|Any CPU
		{A96299AD-D8EC-4EBD-B87C-78094EADEA4F}.Release|Any CPU.ActiveCfg = Release|Any CPU
		{A96299AD-D8EC-4EBD-B87C-78094EADEA4F}.Release|Any CPU.Build.0 = Release|Any CPU
	EndGlobalSection
	GlobalSection(SolutionProperties) = preSolution
		HideSolutionNode = FALSE
	EndGlobalSection
	GlobalSection(ExtensibilityGlobals) = postSolution
		SolutionGuid = {EED00D74-92CE-4A0A-9623-9CE1786A6A27}
	EndGlobalSection
EndGlobal
