
Microsoft Visual Studio Solution File, Format Version 12.00
# Visual Studio Version 16
VisualStudioVersion = 16.0.32407.337
MinimumVisualStudioVersion = 10.0.40219.1
Project("{FAE04EC0-301F-11D3-BF4B-00C04F79EFBC}") = "GameGenerator", "GameGenerator\GameGenerator.csproj", "{1676D37D-77B9-496A-A36B-A13750ED99FD}"
EndProject
Global
	GlobalSection(SolutionConfigurationPlatforms) = preSolution
		Debug|Any CPU = Debug|Any CPU
		Release|Any CPU = Release|Any CPU
	EndGlobalSection
	GlobalSection(ProjectConfigurationPlatforms) = postSolution
		{1676D37D-77B9-496A-A36B-A13750ED99FD}.Debug|Any CPU.ActiveCfg = Debug|Any CPU
		{1676D37D-77B9-496A-A36B-A13750ED99FD}.Debug|Any CPU.Build.0 = Debug|Any CPU
		{1676D37D-77B9-496A-A36B-A13750ED99FD}.Release|Any CPU.ActiveCfg = Release|Any CPU
		{1676D37D-77B9-496A-A36B-A13750ED99FD}.Release|Any CPU.Build.0 = Release|Any CPU
	EndGlobalSection
	GlobalSection(SolutionProperties) = preSolution
		HideSolutionNode = FALSE
	EndGlobalSection
	GlobalSection(ExtensibilityGlobals) = postSolution
		SolutionGuid = {EED00D74-92CE-4A0A-9623-9CE1786A6A27}
	EndGlobalSection
EndGlobal
